{
  "name": "java-website",
  "version": "1.0.0",
  "lockfileVersion": 2,
  "requires": true,
  "packages": {
    "": {
      "name": "java-website",
      "version": "1.0.0",
      "license": "MIT",
      "private": false,
      "dependencies": {
        "axios": "^1.6.2",
        "ws": "^8.14.2"
      }
    },
    "node_modules/axios": {
      "version": "1.6.2",
      "resolved": "https://registry.npmjs.org/axios/-/axios-1.6.2.tgz",
      "integrity": "sha512-Y3PCfYy8AWqSc1MkVzHDU4Z3VpVR0uZgrg62fUvRxmUuFYaACc9crHUu95GGX+O1WMyInE8Dw+YcYzDQaUHyAw==",
      "dependencies": {
        "follow-redirects": "^1.15.0"
      },
      "engines": {
        "node": ">=14.0.0"
      }
    },
    "node_modules/follow-redirects": {
      "version": "1.15.6",
      "resolved": "https://registry.npmjs.org/follow-redirects/-/follow-redirects-1.15.6.tgz",
      "integrity": "sha512-KTTwkNP3e8u9ucmKmlKvKOMMFepmfLHiTDZtRaJHTZce9R+dqQQxSCcMCr3xtw7mDhv1gIQ9wGp8NRrVLUDH0g=="
    },
    "node_modules/ws": {
      "version": "8.14.2",
      "resolved": "https://registry.npmjs.org/ws/-/ws-8.14.2.tgz",
      "integrity": "sha512-Ekox6Rxg9zGHGE4lQpEUHwN+nSuBPzKaORiZzAgOp7UPNiIjCgOEvUpi10RZfDXqwbjV4yKhPW3EUm7Q2gacFQ==",
      "engines": {
        "node": ">=10.0.0"
      },
      "peerDependenciesMeta": {
        "bufferutil": {
          "optional": true
        },
        "utf-8-validate": {
          "optional": true
        }
      }
    }
  },
  "dependencies": {
    "axios": {
      "version": "1.6.2",
      "resolved": "https://registry.npmjs.org/axios/-/axios-1.6.2.tgz",
      "integrity": "sha512-Y3PCfYy8AWqSc1MkVzHDU4Z3VpVR0uZgrg62fUvRxmUuFYaACc9crHUu95GGX+O1WMyInE8Dw+YcYzDQaUHyAw==",
      "requires": {
        "follow-redirects": "^1.15.0"
      }
    },
    "follow-redirects": {
      "version": "1.15.6",
      "resolved": "https://registry.npmjs.org/follow-redirects/-/follow-redirects-1.15.6.tgz",
      "integrity": "sha512-KTTwkNP3e8u9ucmKmlKvKOMMFepmfLHiTDZtRaJHTZce9R+dqQQxSCcMCr3xtw7mDhv1gIQ9wGp8NRrVLUDH0g=="
    },
    "ws": {
      "version": "8.14.2",
      "resolved": "https://registry.npmjs.org/ws/-/ws-8.14.2.tgz",
      "integrity": "sha512-Ekox6Rxg9zGHGE4lQpEUHwN+nSuBPzKaORiZzAgOp7UPNiIjCgOEvUpi10RZfDXqwbjV4yKhPW3EUm7Q2gacFQ=="
    }
  }
}
